// !$*UTF8*$!
{
	archiveVersion = 1;
	classes = {
	};
	objectVersion = 46;
	objects = {

/* Begin PBXBuildFile section */
		8F69CE8B1D9184180015E2AB /* AppDelegate.swift in Sources */ = {isa = PBXBuildFile; fileRef = 8F69CE8A1D9184180015E2AB /* AppDelegate.swift */; };
		8F69CE8D1D9184180015E2AB /* ViewController.swift in Sources */ = {isa = PBXBuildFile; fileRef = 8F69CE8C1D9184180015E2AB /* ViewController.swift */; };
		8F69CE901D9184180015E2AB /* Main.storyboard in Resources */ = {isa = PBXBuildFile; fileRef = 8F69CE8E1D9184180015E2AB /* Main.storyboard */; };
		8F69CE921D9184180015E2AB /* Assets.xcassets in Resources */ = {isa = PBXBuildFile; fileRef = 8F69CE911D9184180015E2AB /* Assets.xcassets */; };
		8F69CE951D9184180015E2AB /* LaunchScreen.storyboard in Resources */ = {isa = PBXBuildFile; fileRef = 8F69CE931D9184180015E2AB /* LaunchScreen.storyboard */; };
		8F69CEA01D9184180015E2AB /* TipsterTests.swift in Sources */ = {isa = PBXBuildFile; fileRef = 8F69CE9F1D9184180015E2AB /* TipsterTests.swift */; };
		8F69CEAB1D9184180015E2AB /* TipsterUITests.swift in Sources */ = {isa = PBXBuildFile; fileRef = 8F69CEAA1D9184180015E2AB /* TipsterUITests.swift */; };
		8F832A9B1D923509000226BC /* SettingsViewController.swift in Sources */ = {isa = PBXBuildFile; fileRef = 8F832A9A1D923509000226BC /* SettingsViewController.swift */; };
/* End PBXBuildFile section */

/* Begin PBXContainerItemProxy section */
		8F69CE9C1D9184180015E2AB /* PBXContainerItemProxy */ = {
			isa = PBXContainerItemProxy;
			containerPortal = 8F69CE7F1D9184180015E2AB /* Project object */;
			proxyType = 1;
			remoteGlobalIDString = 8F69CE861D9184180015E2AB;
			remoteInfo = Tipster;
		};
		8F69CEA71D9184180015E2AB /* PBXContainerItemProxy */ = {
			isa = PBXContainerItemProxy;
			containerPortal = 8F69CE7F1D9184180015E2AB /* Project object */;
			proxyType = 1;
			remoteGlobalIDString = 8F69CE861D9184180015E2AB;
			remoteInfo = Tipster;
		};
/* End PBXContainerItemProxy section */

/* Begin PBXFileReference section */
		8F69CE871D9184180015E2AB /* Tipster.app */ = {isa = PBXFileReference; explicitFileType = wrapper.application; includeInIndex = 0; path = Tipster.app; sourceTree = BUILT_PRODUCTS_DIR; };
		8F69CE8A1D9184180015E2AB /* AppDelegate.swift */ = {isa = PBXFileReference; lastKnownFileType = sourcecode.swift; path = AppDelegate.swift; sourceTree = "<group>"; };
		8F69CE8C1D9184180015E2AB /* ViewController.swift */ = {isa = PBXFileReference; lastKnownFileType = sourcecode.swift; path = ViewController.swift; sourceTree = "<group>"; };
		8F69CE8F1D9184180015E2AB /* Base */ = {isa = PBXFileReference; lastKnownFileType = file.storyboard; name = Base; path = Base.lproj/Main.storyboard; sourceTree = "<group>"; };
		8F69CE911D9184180015E2AB /* Assets.xcassets */ = {isa = PBXFileReference; lastKnownFileType = folder.assetcatalog; path = Assets.xcassets; sourceTree = "<group>"; };
		8F69CE941D9184180015E2AB /* Base */ = {isa = PBXFileReference; lastKnownFileType = file.storyboard; name = Base; path = Base.lproj/LaunchScreen.storyboard; sourceTree = "<group>"; };
		8F69CE961D9184180015E2AB /* Info.plist */ = {isa = PBXFileReference; lastKnownFileType = text.plist.xml; path = Info.plist; sourceTree = "<group>"; };
		8F69CE9B1D9184180015E2AB /* TipsterTests.xctest */ = {isa = PBXFileReference; explicitFileType = wrapper.cfbundle; includeInIndex = 0; path = TipsterTests.xctest; sourceTree = BUILT_PRODUCTS_DIR; };
		8F69CE9F1D9184180015E2AB /* TipsterTests.swift */ = {isa = PBXFileReference; lastKnownFileType = sourcecode.swift; path = TipsterTests.swift; sourceTree = "<group>"; };
		8F69CEA11D9184180015E2AB /* Info.plist */ = {isa = PBXFileReference; lastKnownFileType = text.plist.xml; path = Info.plist; sourceTree = "<group>"; };
		8F69CEA61D9184180015E2AB /* TipsterUITests.xctest */ = {isa = PBXFileReference; explicitFileType = wrapper.cfbundle; includeInIndex = 0; path = TipsterUITests.xctest; sourceTree = BUILT_PRODUCTS_DIR; };
		8F69CEAA1D9184180015E2AB /* TipsterUITests.swift */ = {isa = PBXFileReference; lastKnownFileType = sourcecode.swift; path = TipsterUITests.swift; sourceTree = "<group>"; };
		8F69CEAC1D9184180015E2AB /* Info.plist */ = {isa = PBXFileReference; lastKnownFileType = text.plist.xml; path = Info.plist; sourceTree = "<group>"; };
		8F832A9A1D923509000226BC /* SettingsViewController.swift */ = {isa = PBXFileReference; fileEncoding = 4; lastKnownFileType = sourcecode.swift; name = SettingsViewController.swift; path = ../SettingsViewController.swift; sourceTree = "<group>"; };
/* End PBXFileReference section */

/* Begin PBXFrameworksBuildPhase section */
		8F69CE841D9184180015E2AB /* Frameworks */ = {
			isa = PBXFrameworksBuildPhase;
			buildActionMask = 2147483647;
			files = (
			);
			runOnlyForDeploymentPostprocessing = 0;
		};
		8F69CE981D9184180015E2AB /* Frameworks */ = {
			isa = PBXFrameworksBuildPhase;
			buildActionMask = 2147483647;
			files = (
			);
			runOnlyForDeploymentPostprocessing = 0;
		};
		8F69CEA31D9184180015E2AB /* Frameworks */ = {
			isa = PBXFrameworksBuildPhase;
			buildActionMask = 2147483647;
			files = (
			);
			runOnlyForDeploymentPostprocessing = 0;
		};
/* End PBXFrameworksBuildPhase section */

/* Begin PBXGroup section */
		8F69CE7E1D9184180015E2AB = {
			isa = PBXGroup;
			children = (
				8F69CE891D9184180015E2AB /* Tipster */,
				8F69CE9E1D9184180015E2AB /* TipsterTests */,
				8F69CEA91D9184180015E2AB /* TipsterUITests */,
				8F69CE881D9184180015E2AB /* Products */,
			);
			sourceTree = "<group>";
		};
		8F69CE881D9184180015E2AB /* Products */ = {
			isa = PBXGroup;
			children = (
				8F69CE871D9184180015E2AB /* Tipster.app */,
				8F69CE9B1D9184180015E2AB /* TipsterTests.xctest */,
				8F69CEA61D9184180015E2AB /* TipsterUITests.xctest */,
			);
			name = Products;
			sourceTree = "<group>";
		};
		8F69CE891D9184180015E2AB /* Tipster */ = {
			isa = PBXGroup;
			children = (
				8F69CE8A1D9184180015E2AB /* AppDelegate.swift */,
				8F69CE8C1D9184180015E2AB /* ViewController.swift */,
				8F832A9A1D923509000226BC /* SettingsViewController.swift */,
				8F69CE8E1D9184180015E2AB /* Main.storyboard */,
				8F69CE911D9184180015E2AB /* Assets.xcassets */,
				8F69CE931D9184180015E2AB /* LaunchScreen.storyboard */,
				8F69CE961D9184180015E2AB /* Info.plist */,
			);
			path = Tipster;
			sourceTree = "<group>";
		};
		8F69CE9E1D9184180015E2AB /* TipsterTests */ = {
			isa = PBXGroup;
			children = (
				8F69CE9F1D9184180015E2AB /* TipsterTests.swift */,
				8F69CEA11D9184180015E2AB /* Info.plist */,
			);
			path = TipsterTests;
			sourceTree = "<group>";
		};
		8F69CEA91D9184180015E2AB /* TipsterUITests */ = {
			isa = PBXGroup;
			children = (
				8F69CEAA1D9184180015E2AB /* TipsterUITests.swift */,
				8F69CEAC1D9184180015E2AB /* Info.plist */,
			);
			path = TipsterUITests;
			sourceTree = "<group>";
		};
/* End PBXGroup section */

/* Begin PBXNativeTarget section */
		8F69CE861D9184180015E2AB /* Tipster */ = {
			isa = PBXNativeTarget;
			buildConfigurationList = 8F69CEAF1D9184180015E2AB /* Build configuration list for PBXNativeTarget "Tipster" */;
			buildPhases = (
				8F69CE831D9184180015E2AB /* Sources */,
				8F69CE841D9184180015E2AB /* Frameworks */,
				8F69CE851D9184180015E2AB /* Resources */,
			);
			buildRules = (
			);
			dependencies = (
			);
			name = Tipster;
			productName = Tipster;
			productReference = 8F69CE871D9184180015E2AB /* Tipster.app */;
			productType = "com.apple.product-type.application";
		};
		8F69CE9A1D9184180015E2AB /* TipsterTests */ = {
			isa = PBXNativeTarget;
			buildConfigurationList = 8F69CEB21D9184180015E2AB /* Build configuration list for PBXNativeTarget "TipsterTests" */;
			buildPhases = (
				8F69CE971D9184180015E2AB /* Sources */,
				8F69CE981D9184180015E2AB /* Frameworks */,
				8F69CE991D9184180015E2AB /* Resources */,
			);
			buildRules = (
			);
			dependencies = (
				8F69CE9D1D9184180015E2AB /* PBXTargetDependency */,
			);
			name = TipsterTests;
			productName = TipsterTests;
			productReference = 8F69CE9B1D9184180015E2AB /* TipsterTests.xctest */;
			productType = "com.apple.product-type.bundle.unit-test";
		};
		8F69CEA51D9184180015E2AB /* TipsterUITests */ = {
			isa = PBXNativeTarget;
			buildConfigurationList = 8F69CEB51D9184180015E2AB /* Build configuration list for PBXNativeTarget "TipsterUITests" */;
			buildPhases = (
				8F69CEA21D9184180015E2AB /* Sources */,
				8F69CEA31D9184180015E2AB /* Frameworks */,
				8F69CEA41D9184180015E2AB /* Resources */,
			);
			buildRules = (
			);
			dependencies = (
				8F69CEA81D9184180015E2AB /* PBXTargetDependency */,
			);
			name = TipsterUITests;
			productName = TipsterUITests;
			productReference = 8F69CEA61D9184180015E2AB /* TipsterUITests.xctest */;
			productType = "com.apple.product-type.bundle.ui-testing";
		};
/* End PBXNativeTarget section */

/* Begin PBXProject section */
		8F69CE7F1D9184180015E2AB /* Project object */ = {
			isa = PBXProject;
			attributes = {
				LastSwiftUpdateCheck = 0800;
				LastUpgradeCheck = 0800;
				ORGANIZATIONNAME = "Praful Gupta";
				TargetAttributes = {
					8F69CE861D9184180015E2AB = {
						CreatedOnToolsVersion = 8.0;
						ProvisioningStyle = Automatic;
					};
					8F69CE9A1D9184180015E2AB = {
						CreatedOnToolsVersion = 8.0;
						ProvisioningStyle = Automatic;
						TestTargetID = 8F69CE861D9184180015E2AB;
					};
					8F69CEA51D9184180015E2AB = {
						CreatedOnToolsVersion = 8.0;
						ProvisioningStyle = Automatic;
						TestTargetID = 8F69CE861D9184180015E2AB;
					};
				};
			};
			buildConfigurationList = 8F69CE821D9184180015E2AB /* Build configuration list for PBXProject "Tipster" */;
			compatibilityVersion = "Xcode 3.2";
			developmentRegion = English;
			hasScannedForEncodings = 0;
			knownRegions = (
				en,
				Base,
			);
			mainGroup = 8F69CE7E1D9184180015E2AB;
			productRefGroup = 8F69CE881D9184180015E2AB /* Products */;
			projectDirPath = "";
			projectRoot = "";
			targets = (
				8F69CE861D9184180015E2AB /* Tipster */,
				8F69CE9A1D9184180015E2AB /* TipsterTests */,
				8F69CEA51D9184180015E2AB /* TipsterUITests */,
			);
		};
/* End PBXProject section */

/* Begin PBXResourcesBuildPhase section */
		8F69CE851D9184180015E2AB /* Resources */ = {
			isa = PBXResourcesBuildPhase;
			buildActionMask = 2147483647;
			files = (
				8F69CE951D9184180015E2AB /* LaunchScreen.storyboard in Resources */,
				8F69CE921D9184180015E2AB /* Assets.xcassets in Resources */,
				8F69CE901D9184180015E2AB /* Main.storyboard in Resources */,
			);
			runOnlyForDeploymentPostprocessing = 0;
		};
		8F69CE991D9184180015E2AB /* Resources */ = {
			isa = PBXResourcesBuildPhase;
			buildActionMask = 2147483647;
			files = (
			);
			runOnlyForDeploymentPostprocessing = 0;
		};
		8F69CEA41D9184180015E2AB /* Resources */ = {
			isa = PBXResourcesBuildPhase;
			buildActionMask = 2147483647;
			files = (
			);
			runOnlyForDeploymentPostprocessing = 0;
		};
/* End PBXResourcesBuildPhase section */

/* Begin PBXSourcesBuildPhase section */
		8F69CE831D9184180015E2AB /* Sources */ = {
			isa = PBXSourcesBuildPhase;
			buildActionMask = 2147483647;
			files = (
				8F69CE8D1D9184180015E2AB /* ViewController.swift in Sources */,
				8F69CE8B1D9184180015E2AB /* AppDelegate.swift in Sources */,
				8F832A9B1D923509000226BC /* SettingsViewController.swift in Sources */,
			);
			runOnlyForDeploymentPostprocessing = 0;
		};
		8F69CE971D9184180015E2AB /* Sources */ = {
			isa = PBXSourcesBuildPhase;
			buildActionMask = 2147483647;
			files = (
				8F69CEA01D9184180015E2AB /* TipsterTests.swift in Sources */,
			);
			runOnlyForDeploymentPostprocessing = 0;
		};
		8F69CEA21D9184180015E2AB /* Sources */ = {
			isa = PBXSourcesBuildPhase;
			buildActionMask = 2147483647;
			files = (
				8F69CEAB1D9184180015E2AB /* TipsterUITests.swift in Sources */,
			);
			runOnlyForDeploymentPostprocessing = 0;
		};
/* End PBXSourcesBuildPhase section */

/* Begin PBXTargetDependency section */
		8F69CE9D1D9184180015E2AB /* PBXTargetDependency */ = {
			isa = PBXTargetDependency;
			target = 8F69CE861D9184180015E2AB /* Tipster */;
			targetProxy = 8F69CE9C1D9184180015E2AB /* PBXContainerItemProxy */;
		};
		8F69CEA81D9184180015E2AB /* PBXTargetDependency */ = {
			isa = PBXTargetDependency;
			target = 8F69CE861D9184180015E2AB /* Tipster */;
			targetProxy = 8F69CEA71D9184180015E2AB /* PBXContainerItemProxy */;
		};
/* End PBXTargetDependency section */

/* Begin PBXVariantGroup section */
		8F69CE8E1D9184180015E2AB /* Main.storyboard */ = {
			isa = PBXVariantGroup;
			children = (
				8F69CE8F1D9184180015E2AB /* Base */,
			);
			name = Main.storyboard;
			sourceTree = "<group>";
		};
		8F69CE931D9184180015E2AB /* LaunchScreen.storyboard */ = {
			isa = PBXVariantGroup;
			children = (
				8F69CE941D9184180015E2AB /* Base */,
			);
			name = LaunchScreen.storyboard;
			sourceTree = "<group>";
		};
/* End PBXVariantGroup section */

/* Begin XCBuildConfiguration section */
		8F69CEAD1D9184180015E2AB /* Debug */ = {
			isa = XCBuildConfiguration;
			buildSettings = {
				ALWAYS_SEARCH_USER_PATHS = NO;
				CLANG_ANALYZER_NONNULL = YES;
				CLANG_CXX_LANGUAGE_STANDARD = "gnu++0x";
				CLANG_CXX_LIBRARY = "libc++";
				CLANG_ENABLE_MODULES = YES;
				CLANG_ENABLE_OBJC_ARC = YES;
				CLANG_WARN_BOOL_CONVERSION = YES;
				CLANG_WARN_CONSTANT_CONVERSION = YES;
				CLANG_WARN_DIRECT_OBJC_ISA_USAGE = YES_ERROR;
				CLANG_WARN_DOCUMENTATION_COMMENTS = YES;
				CLANG_WARN_EMPTY_BODY = YES;
				CLANG_WARN_ENUM_CONVERSION = YES;
				CLANG_WARN_INFINITE_RECURSION = YES;
				CLANG_WARN_INT_CONVERSION = YES;
				CLANG_WARN_OBJC_ROOT_CLASS = YES_ERROR;
				CLANG_WARN_SUSPICIOUS_MOVES = YES;
				CLANG_WARN_UNREACHABLE_CODE = YES;
				CLANG_WARN__DUPLICATE_METHOD_MATCH = YES;
				"CODE_SIGN_IDENTITY[sdk=iphoneos*]" = "iPhone Developer";
				COPY_PHASE_STRIP = NO;
				DEBUG_INFORMATION_FORMAT = dwarf;
				ENABLE_STRICT_OBJC_MSGSEND = YES;
				ENABLE_TESTABILITY = YES;
				GCC_C_LANGUAGE_STANDARD = gnu99;
				GCC_DYNAMIC_NO_PIC = NO;
				GCC_NO_COMMON_BLOCKS = YES;
				GCC_OPTIMIZATION_LEVEL = 0;
				GCC_PREPROCESSOR_DEFINITIONS = (
					"DEBUG=1",
					"$(inherited)",
				);
				GCC_WARN_64_TO_32_BIT_CONVERSION = YES;
				GCC_WARN_ABOUT_RETURN_TYPE = YES_ERROR;
				GCC_WARN_UNDECLARED_SELECTOR = YES;
				GCC_WARN_UNINITIALIZED_AUTOS = YES_AGGRESSIVE;
				GCC_WARN_UNUSED_FUNCTION = YES;
				GCC_WARN_UNUSED_VARIABLE = YES;
				IPHONEOS_DEPLOYMENT_TARGET = 10.0;
				MTL_ENABLE_DEBUG_INFO = YES;
				ONLY_ACTIVE_ARCH = YES;
				SDKROOT = iphoneos;
				SWIFT_ACTIVE_COMPILATION_CONDITIONS = DEBUG;
				SWIFT_OPTIMIZATION_LEVEL = "-Onone";
			};
			name = Debug;
		};
		8F69CEAE1D9184180015E2AB /* Release */ = {
			isa = XCBuildConfiguration;
			buildSettings = {
				ALWAYS_SEARCH_USER_PATHS = NO;
				CLANG_ANALYZER_NONNULL = YES;
				CLANG_CXX_LANGUAGE_STANDARD = "gnu++0x";
				CLANG_CXX_LIBRARY = "libc++";
				CLANG_ENABLE_MODULES = YES;
				CLANG_ENABLE_OBJC_ARC = YES;
				CLANG_WARN_BOOL_CONVERSION = YES;
				CLANG_WARN_CONSTANT_CONVERSION = YES;
				CLANG_WARN_DIRECT_OBJC_ISA_USAGE = YES_ERROR;
				CLANG_WARN_DOCUMENTATION_COMMENTS = YES;
				CLANG_WARN_EMPTY_BODY = YES;
				CLANG_WARN_ENUM_CONVERSION = YES;
				CLANG_WARN_INFINITE_RECURSION = YES;
				CLANG_WARN_INT_CONVERSION = YES;
				CLANG_WARN_OBJC_ROOT_CLASS = YES_ERROR;
				CLANG_WARN_SUSPICIOUS_MOVES = YES;
				CLANG_WARN_UNREACHABLE_CODE = YES;
				CLANG_WARN__DUPLICATE_METHOD_MATCH = YES;
				"CODE_SIGN_IDENTITY[sdk=iphoneos*]" = "iPhone Developer";
				COPY_PHASE_STRIP = NO;
				DEBUG_INFORMATION_FORMAT = "dwarf-with-dsym";
				ENABLE_NS_ASSERTIONS = NO;
				ENABLE_STRICT_OBJC_MSGSEND = YES;
				GCC_C_LANGUAGE_STANDARD = gnu99;
				GCC_NO_COMMON_BLOCKS = YES;
				GCC_WARN_64_TO_32_BIT_CONVERSION = YES;
				GCC_WARN_ABOUT_RETURN_TYPE = YES_ERROR;
				GCC_WARN_UNDECLARED_SELECTOR = YES;
				GCC_WARN_UNINITIALIZED_AUTOS = YES_AGGRESSIVE;
				GCC_WARN_UNUSED_FUNCTION = YES;
				GCC_WARN_UNUSED_VARIABLE = YES;
				IPHONEOS_DEPLOYMENT_TARGET = 10.0;
				MTL_ENABLE_DEBUG_INFO = NO;
				SDKROOT = iphoneos;
				SWIFT_OPTIMIZATION_LEVEL = "-Owholemodule";
				VALIDATE_PRODUCT = YES;
			};
			name = Release;
		};
		8F69CEB01D9184180015E2AB /* Debug */ = {
			isa = XCBuildConfiguration;
			buildSettings = {
				ASSETCATALOG_COMPILER_APPICON_NAME = AppIcon;
				INFOPLIST_FILE = Tipster/Info.plist;
				LD_RUNPATH_SEARCH_PATHS = "$(inherited) @executable_path/Frameworks";
				PRODUCT_BUNDLE_IDENTIFIER = diablodeveloper.Tipster;
				PRODUCT_NAME = "$(TARGET_NAME)";
				SWIFT_VERSION = 3.0;
			};
			name = Debug;
		};
		8F69CEB11D9184180015E2AB /* Release */ = {
			isa = XCBuildConfiguration;
			buildSettings = {
				ASSETCATALOG_COMPILER_APPICON_NAME = AppIcon;
				INFOPLIST_FILE = Tipster/Info.plist;
				LD_RUNPATH_SEARCH_PATHS = "$(inherited) @executable_path/Frameworks";
				PRODUCT_BUNDLE_IDENTIFIER = diablodeveloper.Tipster;
				PRODUCT_NAME = "$(TARGET_NAME)";
				SWIFT_VERSION = 3.0;
			};
			name = Release;
		};
		8F69CEB31D9184180015E2AB /* Debug */ = {
			isa = XCBuildConfiguration;
			buildSettings = {
				ALWAYS_EMBED_SWIFT_STANDARD_LIBRARIES = YES;
				BUNDLE_LOADER = "$(TEST_HOST)";
				INFOPLIST_FILE = TipsterTests/Info.plist;
				LD_RUNPATH_SEARCH_PATHS = "$(inherited) @executable_path/Frameworks @loader_path/Frameworks";
				PRODUCT_BUNDLE_IDENTIFIER = diablodeveloper.TipsterTests;
				PRODUCT_NAME = "$(TARGET_NAME)";
				SWIFT_VERSION = 3.0;
				TEST_HOST = "$(BUILT_PRODUCTS_DIR)/Tipster.app/Tipster";
			};
			name = Debug;
		};
		8F69CEB41D9184180015E2AB /* Release */ = {
			isa = XCBuildConfiguration;
			buildSettings = {
				ALWAYS_EMBED_SWIFT_STANDARD_LIBRARIES = YES;
				BUNDLE_LOADER = "$(TEST_HOST)";
				INFOPLIST_FILE = TipsterTests/Info.plist;
				LD_RUNPATH_SEARCH_PATHS = "$(inherited) @executable_path/Frameworks @loader_path/Frameworks";
				PRODUCT_BUNDLE_IDENTIFIER = diablodeveloper.TipsterTests;
				PRODUCT_NAME = "$(TARGET_NAME)";
				SWIFT_VERSION = 3.0;
				TEST_HOST = "$(BUILT_PRODUCTS_DIR)/Tipster.app/Tipster";
			};
			name = Release;
		};
		8F69CEB61D9184180015E2AB /* Debug */ = {
			isa = XCBuildConfiguration;
			buildSettings = {
				ALWAYS_EMBED_SWIFT_STANDARD_LIBRARIES = YES;
				INFOPLIST_FILE = TipsterUITests/Info.plist;
				LD_RUNPATH_SEARCH_PATHS = "$(inherited) @executable_path/Frameworks @loader_path/Frameworks";
				PRODUCT_BUNDLE_IDENTIFIER = diablodeveloper.TipsterUITests;
				PRODUCT_NAME = "$(TARGET_NAME)";
				SWIFT_VERSION = 3.0;
				TEST_TARGET_NAME = Tipster;
			};
			name = Debug;
		};
		8F69CEB71D9184180015E2AB /* Release */ = {
			isa = XCBuildConfiguration;
			buildSettings = {
				ALWAYS_EMBED_SWIFT_STANDARD_LIBRARIES = YES;
				INFOPLIST_FILE = TipsterUITests/Info.plist;
				LD_RUNPATH_SEARCH_PATHS = "$(inherited) @executable_path/Frameworks @loader_path/Frameworks";
				PRODUCT_BUNDLE_IDENTIFIER = diablodeveloper.TipsterUITests;
				PRODUCT_NAME = "$(TARGET_NAME)";
				SWIFT_VERSION = 3.0;
				TEST_TARGET_NAME = Tipster;
			};
			name = Release;
		};
/* End XCBuildConfiguration section */

/* Begin XCConfigurationList section */
		8F69CE821D9184180015E2AB /* Build configuration list for PBXProject "Tipster" */ = {
			isa = XCConfigurationList;
			buildConfigurations = (
				8F69CEAD1D9184180015E2AB /* Debug */,
				8F69CEAE1D9184180015E2AB /* Release */,
			);
			defaultConfigurationIsVisible = 0;
			defaultConfigurationName = Release;
		};
		8F69CEAF1D9184180015E2AB /* Build configuration list for PBXNativeTarget "Tipster" */ = {
			isa = XCConfigurationList;
			buildConfigurations = (
				8F69CEB01D9184180015E2AB /* Debug */,
				8F69CEB11D9184180015E2AB /* Release */,
			);
			defaultConfigurationIsVisible = 0;
			defaultConfigurationName = Release;
		};
		8F69CEB21D9184180015E2AB /* Build configuration list for PBXNativeTarget "TipsterTests" */ = {
			isa = XCConfigurationList;
			buildConfigurations = (
				8F69CEB31D9184180015E2AB /* Debug */,
				8F69CEB41D9184180015E2AB /* Release */,
			);
			defaultConfigurationIsVisible = 0;
			defaultConfigurationName = Release;
		};
		8F69CEB51D9184180015E2AB /* Build configuration list for PBXNativeTarget "TipsterUITests" */ = {
			isa = XCConfigurationList;
			buildConfigurations = (
				8F69CEB61D9184180015E2AB /* Debug */,
				8F69CEB71D9184180015E2AB /* Release */,
			);
			defaultConfigurationIsVisible = 0;
			defaultConfigurationName = Release;
		};
/* End XCConfigurationList section */
	};
	rootObject = 8F69CE7F1D9184180015E2AB /* Project object */;
}
